Microsoft Visual Studio Solution File, Format Version 12.00
# Visual Studio Version 17
VisualStudioVersion = 17.5.2.0
MinimumVisualStudioVersion = 10.0.40219.1
Project("{FAE04EC0-301F-11D3-BF4B-00C04F79EFBC}") = "9april", "9april.csproj", "{5D2D41BD-C129-E71A-429A-6FA5AAAA0A46}"
EndProject
Global
	GlobalSection(SolutionConfigurationPlatforms) = preSolution
		Debug|Any CPU = Debug|Any CPU
		Release|Any CPU = Release|Any CPU
	EndGlobalSection
	GlobalSection(ProjectConfigurationPlatforms) = postSolution
		{5D2D41BD-C129-E71A-429A-6FA5AAAA0A46}.Debug|Any CPU.ActiveCfg = Debug|Any CPU
		{5D2D41BD-C129-E71A-429A-6FA5AAAA0A46}.Debug|Any CPU.Build.0 = Debug|Any CPU
		{5D2D41BD-C129-E71A-429A-6FA5AAAA0A46}.Release|Any CPU.ActiveCfg = Release|Any CPU
		{5D2D41BD-C129-E71A-429A-6FA5AAAA0A46}.Release|Any CPU.Build.0 = Release|Any CPU
	EndGlobalSection
	GlobalSection(SolutionProperties) = preSolution
		HideSolutionNode = FALSE
	EndGlobalSection
	GlobalSection(ExtensibilityGlobals) = postSolution
		SolutionGuid = {DA8F1D39-49B9-41AC-8C25-22BAAC19661F}
	EndGlobalSection
EndGlobal
